// !$*UTF8*$!
{
	archiveVersion = 1;
	classes = {
	};
	objectVersion = 50;
	objects = {

/* Begin PBXBuildFile section */
		5387402C26D00A43000FBF52 /* AppDelegate.swift in Sources */ = {isa = PBXBuildFile; fileRef = 5387402B26D00A43000FBF52 /* AppDelegate.swift */; };
		5387402E26D00A43000FBF52 /* SceneDelegate.swift in Sources */ = {isa = PBXBuildFile; fileRef = 5387402D26D00A43000FBF52 /* SceneDelegate.swift */; };
		5387403026D00A43000FBF52 /* UserViewController.swift in Sources */ = {isa = PBXBuildFile; fileRef = 5387402F26D00A43000FBF52 /* UserViewController.swift */; };
		5387403326D00A43000FBF52 /* Main.storyboard in Resources */ = {isa = PBXBuildFile; fileRef = 5387403126D00A43000FBF52 /* Main.storyboard */; };
		5387403526D00A44000FBF52 /* Assets.xcassets in Resources */ = {isa = PBXBuildFile; fileRef = 5387403426D00A44000FBF52 /* Assets.xcassets */; };
		5387403826D00A44000FBF52 /* LaunchScreen.storyboard in Resources */ = {isa = PBXBuildFile; fileRef = 5387403626D00A44000FBF52 /* LaunchScreen.storyboard */; };
		5387404926D035EB000FBF52 /* UserInteractor.swift in Sources */ = {isa = PBXBuildFile; fileRef = 5387404826D035EB000FBF52 /* UserInteractor.swift */; };
		5387404B26D035F3000FBF52 /* UserPresenter.swift in Sources */ = {isa = PBXBuildFile; fileRef = 5387404A26D035F3000FBF52 /* UserPresenter.swift */; };
		5387404D26D035F9000FBF52 /* UserModel.swift in Sources */ = {isa = PBXBuildFile; fileRef = 5387404C26D035F9000FBF52 /* UserModel.swift */; };
		5387404F26D03608000FBF52 /* UserRouter.swift in Sources */ = {isa = PBXBuildFile; fileRef = 5387404E26D03608000FBF52 /* UserRouter.swift */; };
		5387405226D03698000FBF52 /* UserProtocol.swift in Sources */ = {isa = PBXBuildFile; fileRef = 5387405126D03698000FBF52 /* UserProtocol.swift */; };
		5387405526D05DAB000FBF52 /* Endpoints.swift in Sources */ = {isa = PBXBuildFile; fileRef = 5387405426D05DAB000FBF52 /* Endpoints.swift */; };
		5387405A26D07234000FBF52 /* UserRemoteDataManager.swift in Sources */ = {isa = PBXBuildFile; fileRef = 5387405926D07234000FBF52 /* UserRemoteDataManager.swift */; };
		5387405C26D07243000FBF52 /* UserLocalDataManager.swift in Sources */ = {isa = PBXBuildFile; fileRef = 5387405B26D07243000FBF52 /* UserLocalDataManager.swift */; };
		5387406526D257D3000FBF52 /* Constants.swift in Sources */ = {isa = PBXBuildFile; fileRef = 5387406426D257D3000FBF52 /* Constants.swift */; };
		5387406A26D26556000FBF52 /* APIManager.swift in Sources */ = {isa = PBXBuildFile; fileRef = 5387406926D26556000FBF52 /* APIManager.swift */; };
		5387406C26D26592000FBF52 /* APIClient.swift in Sources */ = {isa = PBXBuildFile; fileRef = 5387406B26D26592000FBF52 /* APIClient.swift */; };
		5387406E26D26841000FBF52 /* APIRequestProtocol.swift in Sources */ = {isa = PBXBuildFile; fileRef = 5387406D26D26841000FBF52 /* APIRequestProtocol.swift */; };
		5387407026D27A27000FBF52 /* NetworkError.swift in Sources */ = {isa = PBXBuildFile; fileRef = 5387406F26D27A27000FBF52 /* NetworkError.swift */; };
/* End PBXBuildFile section */

/* Begin PBXFileReference section */
		5387402826D00A43000FBF52 /* ShowMeYourCode.app */ = {isa = PBXFileReference; explicitFileType = wrapper.application; includeInIndex = 0; path = ShowMeYourCode.app; sourceTree = BUILT_PRODUCTS_DIR; };
		5387402B26D00A43000FBF52 /* AppDelegate.swift */ = {isa = PBXFileReference; lastKnownFileType = sourcecode.swift; path = AppDelegate.swift; sourceTree = "<group>"; };
		5387402D26D00A43000FBF52 /* SceneDelegate.swift */ = {isa = PBXFileReference; lastKnownFileType = sourcecode.swift; path = SceneDelegate.swift; sourceTree = "<group>"; };
		5387402F26D00A43000FBF52 /* UserViewController.swift */ = {isa = PBXFileReference; lastKnownFileType = sourcecode.swift; path = UserViewController.swift; sourceTree = "<group>"; };
		5387403226D00A43000FBF52 /* Base */ = {isa = PBXFileReference; lastKnownFileType = file.storyboard; name = Base; path = Base.lproj/Main.storyboard; sourceTree = "<group>"; };
		5387403426D00A44000FBF52 /* Assets.xcassets */ = {isa = PBXFileReference; lastKnownFileType = folder.assetcatalog; path = Assets.xcassets; sourceTree = "<group>"; };
		5387403726D00A44000FBF52 /* Base */ = {isa = PBXFileReference; lastKnownFileType = file.storyboard; name = Base; path = Base.lproj/LaunchScreen.storyboard; sourceTree = "<group>"; };
		5387403926D00A44000FBF52 /* Info.plist */ = {isa = PBXFileReference; lastKnownFileType = text.plist.xml; path = Info.plist; sourceTree = "<group>"; };
		5387404826D035EB000FBF52 /* UserInteractor.swift */ = {isa = PBXFileReference; lastKnownFileType = sourcecode.swift; path = UserInteractor.swift; sourceTree = "<group>"; };
		5387404A26D035F3000FBF52 /* UserPresenter.swift */ = {isa = PBXFileReference; lastKnownFileType = sourcecode.swift; path = UserPresenter.swift; sourceTree = "<group>"; };
		5387404C26D035F9000FBF52 /* UserModel.swift */ = {isa = PBXFileReference; lastKnownFileType = sourcecode.swift; path = UserModel.swift; sourceTree = "<group>"; };
		5387404E26D03608000FBF52 /* UserRouter.swift */ = {isa = PBXFileReference; lastKnownFileType = sourcecode.swift; path = UserRouter.swift; sourceTree = "<group>"; };
		5387405126D03698000FBF52 /* UserProtocol.swift */ = {isa = PBXFileReference; lastKnownFileType = sourcecode.swift; path = UserProtocol.swift; sourceTree = "<group>"; };
		5387405426D05DAB000FBF52 /* Endpoints.swift */ = {isa = PBXFileReference; lastKnownFileType = sourcecode.swift; path = Endpoints.swift; sourceTree = "<group>"; };
		5387405926D07234000FBF52 /* UserRemoteDataManager.swift */ = {isa = PBXFileReference; lastKnownFileType = sourcecode.swift; path = UserRemoteDataManager.swift; sourceTree = "<group>"; };
		5387405B26D07243000FBF52 /* UserLocalDataManager.swift */ = {isa = PBXFileReference; lastKnownFileType = sourcecode.swift; path = UserLocalDataManager.swift; sourceTree = "<group>"; };
		5387406426D257D3000FBF52 /* Constants.swift */ = {isa = PBXFileReference; lastKnownFileType = sourcecode.swift; path = Constants.swift; sourceTree = "<group>"; };
		5387406926D26556000FBF52 /* APIManager.swift */ = {isa = PBXFileReference; lastKnownFileType = sourcecode.swift; path = APIManager.swift; sourceTree = "<group>"; };
		5387406B26D26592000FBF52 /* APIClient.swift */ = {isa = PBXFileReference; lastKnownFileType = sourcecode.swift; path = APIClient.swift; sourceTree = "<group>"; };
		5387406D26D26841000FBF52 /* APIRequestProtocol.swift */ = {isa = PBXFileReference; lastKnownFileType = sourcecode.swift; path = APIRequestProtocol.swift; sourceTree = "<group>"; };
		5387406F26D27A27000FBF52 /* NetworkError.swift */ = {isa = PBXFileReference; lastKnownFileType = sourcecode.swift; path = NetworkError.swift; sourceTree = "<group>"; };
/* End PBXFileReference section */

/* Begin PBXFrameworksBuildPhase section */
		5387402526D00A43000FBF52 /* Frameworks */ = {
			isa = PBXFrameworksBuildPhase;
			buildActionMask = 2147483647;
			files = (
			);
			runOnlyForDeploymentPostprocessing = 0;
		};
/* End PBXFrameworksBuildPhase section */

/* Begin PBXGroup section */
		5387401F26D00A43000FBF52 = {
			isa = PBXGroup;
			children = (
				5387402A26D00A43000FBF52 /* ShowMeYourCode */,
				5387402926D00A43000FBF52 /* Products */,
			);
			sourceTree = "<group>";
		};
		5387402926D00A43000FBF52 /* Products */ = {
			isa = PBXGroup;
			children = (
				5387402826D00A43000FBF52 /* ShowMeYourCode.app */,
			);
			name = Products;
			sourceTree = "<group>";
		};
		5387402A26D00A43000FBF52 /* ShowMeYourCode */ = {
			isa = PBXGroup;
			children = (
				5387404026D032D0000FBF52 /* App */,
				5387405E26D23EFE000FBF52 /* Resources */,
				5387405326D05D9A000FBF52 /* Common */,
				5387404726D035A7000FBF52 /* UI */,
				5387403F26D0324B000FBF52 /* Modules */,
			);
			path = ShowMeYourCode;
			sourceTree = "<group>";
		};
		5387403F26D0324B000FBF52 /* Modules */ = {
			isa = PBXGroup;
			children = (
				5387404126D0354B000FBF52 /* User */,
			);
			path = Modules;
			sourceTree = "<group>";
		};
		5387404026D032D0000FBF52 /* App */ = {
			isa = PBXGroup;
			children = (
				5387403926D00A44000FBF52 /* Info.plist */,
				5387402B26D00A43000FBF52 /* AppDelegate.swift */,
				5387402D26D00A43000FBF52 /* SceneDelegate.swift */,
			);
			path = App;
			sourceTree = "<group>";
		};
		5387404126D0354B000FBF52 /* User */ = {
			isa = PBXGroup;
			children = (
				5387405626D05DD0000FBF52 /* DataManager */,
				5387404426D03571000FBF52 /* View */,
				5387404326D0356B000FBF52 /* Interactor */,
				5387404626D0357D000FBF52 /* Presenter */,
				5387404526D03578000FBF52 /* Entity */,
				5387404226D03565000FBF52 /* Router */,
				5387405026D03679000FBF52 /* Protocols */,
			);
			path = User;
			sourceTree = "<group>";
		};
		5387404226D03565000FBF52 /* Router */ = {
			isa = PBXGroup;
			children = (
				5387404E26D03608000FBF52 /* UserRouter.swift */,
			);
			path = Router;
			sourceTree = "<group>";
		};
		5387404326D0356B000FBF52 /* Interactor */ = {
			isa = PBXGroup;
			children = (
				5387404826D035EB000FBF52 /* UserInteractor.swift */,
			);
			path = Interactor;
			sourceTree = "<group>";
		};
		5387404426D03571000FBF52 /* View */ = {
			isa = PBXGroup;
			children = (
				5387402F26D00A43000FBF52 /* UserViewController.swift */,
			);
			path = View;
			sourceTree = "<group>";
		};
		5387404526D03578000FBF52 /* Entity */ = {
			isa = PBXGroup;
			children = (
				5387404C26D035F9000FBF52 /* UserModel.swift */,
			);
			path = Entity;
			sourceTree = "<group>";
		};
		5387404626D0357D000FBF52 /* Presenter */ = {
			isa = PBXGroup;
			children = (
				5387404A26D035F3000FBF52 /* UserPresenter.swift */,
			);
			path = Presenter;
			sourceTree = "<group>";
		};
		5387404726D035A7000FBF52 /* UI */ = {
			isa = PBXGroup;
			children = (
				5387403626D00A44000FBF52 /* LaunchScreen.storyboard */,
				5387403126D00A43000FBF52 /* Main.storyboard */,
			);
			path = UI;
			sourceTree = "<group>";
		};
		5387405026D03679000FBF52 /* Protocols */ = {
			isa = PBXGroup;
			children = (
				5387405126D03698000FBF52 /* UserProtocol.swift */,
			);
			path = Protocols;
			sourceTree = "<group>";
		};
		5387405326D05D9A000FBF52 /* Common */ = {
			isa = PBXGroup;
			children = (
				5387406626D26515000FBF52 /* Managers */,
				5387406326D24F87000FBF52 /* Constants */,
				5387406226D24F79000FBF52 /* Utils */,
				5387405426D05DAB000FBF52 /* Endpoints.swift */,
			);
			path = Common;
			sourceTree = "<group>";
		};
		5387405626D05DD0000FBF52 /* DataManager */ = {
			isa = PBXGroup;
			children = (
				5387405826D05DDD000FBF52 /* Remote */,
				5387405726D05DD9000FBF52 /* Local */,
			);
			path = DataManager;
			sourceTree = "<group>";
		};
		5387405726D05DD9000FBF52 /* Local */ = {
			isa = PBXGroup;
			children = (
				5387405B26D07243000FBF52 /* UserLocalDataManager.swift */,
			);
			path = Local;
			sourceTree = "<group>";
		};
		5387405826D05DDD000FBF52 /* Remote */ = {
			isa = PBXGroup;
			children = (
				5387405926D07234000FBF52 /* UserRemoteDataManager.swift */,
			);
			path = Remote;
			sourceTree = "<group>";
		};
		5387405E26D23EFE000FBF52 /* Resources */ = {
			isa = PBXGroup;
			children = (
				5387403426D00A44000FBF52 /* Assets.xcassets */,
			);
			path = Resources;
			sourceTree = "<group>";
		};
		5387406226D24F79000FBF52 /* Utils */ = {
			isa = PBXGroup;
			children = (
			);
			path = Utils;
			sourceTree = "<group>";
		};
		5387406326D24F87000FBF52 /* Constants */ = {
			isa = PBXGroup;
			children = (
				5387406426D257D3000FBF52 /* Constants.swift */,
			);
			path = Constants;
			sourceTree = "<group>";
		};
		5387406626D26515000FBF52 /* Managers */ = {
			isa = PBXGroup;
			children = (
				5387406726D26529000FBF52 /* Remote */,
				5387406826D26530000FBF52 /* Local */,
			);
			path = Managers;
			sourceTree = "<group>";
		};
		5387406726D26529000FBF52 /* Remote */ = {
			isa = PBXGroup;
			children = (
				5387406926D26556000FBF52 /* APIManager.swift */,
				5387406B26D26592000FBF52 /* APIClient.swift */,
				5387406D26D26841000FBF52 /* APIRequestProtocol.swift */,
				5387406F26D27A27000FBF52 /* NetworkError.swift */,
			);
			path = Remote;
			sourceTree = "<group>";
		};
		5387406826D26530000FBF52 /* Local */ = {
			isa = PBXGroup;
			children = (
			);
			path = Local;
			sourceTree = "<group>";
		};
/* End PBXGroup section */

/* Begin PBXNativeTarget section */
		5387402726D00A43000FBF52 /* ShowMeYourCode */ = {
			isa = PBXNativeTarget;
			buildConfigurationList = 5387403C26D00A44000FBF52 /* Build configuration list for PBXNativeTarget "ShowMeYourCode" */;
			buildPhases = (
				5387402426D00A43000FBF52 /* Sources */,
				5387402526D00A43000FBF52 /* Frameworks */,
				5387402626D00A43000FBF52 /* Resources */,
			);
			buildRules = (
			);
			dependencies = (
			);
			name = ShowMeYourCode;
			productName = ShowMeYourCode;
			productReference = 5387402826D00A43000FBF52 /* ShowMeYourCode.app */;
			productType = "com.apple.product-type.application";
		};
/* End PBXNativeTarget section */

/* Begin PBXProject section */
		5387402026D00A43000FBF52 /* Project object */ = {
			isa = PBXProject;
			attributes = {
				LastSwiftUpdateCheck = 1250;
				LastUpgradeCheck = 1250;
				TargetAttributes = {
					5387402726D00A43000FBF52 = {
						CreatedOnToolsVersion = 12.5.1;
					};
				};
			};
			buildConfigurationList = 5387402326D00A43000FBF52 /* Build configuration list for PBXProject "ShowMeYourCode" */;
			compatibilityVersion = "Xcode 9.3";
			developmentRegion = en;
			hasScannedForEncodings = 0;
			knownRegions = (
				en,
				Base,
			);
			mainGroup = 5387401F26D00A43000FBF52;
			productRefGroup = 5387402926D00A43000FBF52 /* Products */;
			projectDirPath = "";
			projectRoot = "";
			targets = (
				5387402726D00A43000FBF52 /* ShowMeYourCode */,
			);
		};
/* End PBXProject section */

/* Begin PBXResourcesBuildPhase section */
		5387402626D00A43000FBF52 /* Resources */ = {
			isa = PBXResourcesBuildPhase;
			buildActionMask = 2147483647;
			files = (
				5387403826D00A44000FBF52 /* LaunchScreen.storyboard in Resources */,
				5387403526D00A44000FBF52 /* Assets.xcassets in Resources */,
				5387403326D00A43000FBF52 /* Main.storyboard in Resources */,
			);
			runOnlyForDeploymentPostprocessing = 0;
		};
/* End PBXResourcesBuildPhase section */

/* Begin PBXSourcesBuildPhase section */
		5387402426D00A43000FBF52 /* Sources */ = {
			isa = PBXSourcesBuildPhase;
			buildActionMask = 2147483647;
			files = (
				5387403026D00A43000FBF52 /* UserViewController.swift in Sources */,
				5387407026D27A27000FBF52 /* NetworkError.swift in Sources */,
				5387406E26D26841000FBF52 /* APIRequestProtocol.swift in Sources */,
				5387406C26D26592000FBF52 /* APIClient.swift in Sources */,
				5387404926D035EB000FBF52 /* UserInteractor.swift in Sources */,
				5387404D26D035F9000FBF52 /* UserModel.swift in Sources */,
				5387402C26D00A43000FBF52 /* AppDelegate.swift in Sources */,
				5387405A26D07234000FBF52 /* UserRemoteDataManager.swift in Sources */,
				5387404F26D03608000FBF52 /* UserRouter.swift in Sources */,
				5387404B26D035F3000FBF52 /* UserPresenter.swift in Sources */,
				5387405226D03698000FBF52 /* UserProtocol.swift in Sources */,
				5387405526D05DAB000FBF52 /* Endpoints.swift in Sources */,
				5387405C26D07243000FBF52 /* UserLocalDataManager.swift in Sources */,
				5387406A26D26556000FBF52 /* APIManager.swift in Sources */,
				5387402E26D00A43000FBF52 /* SceneDelegate.swift in Sources */,
				5387406526D257D3000FBF52 /* Constants.swift in Sources */,
			);
			runOnlyForDeploymentPostprocessing = 0;
		};
/* End PBXSourcesBuildPhase section */

/* Begin PBXVariantGroup section */
		5387403126D00A43000FBF52 /* Main.storyboard */ = {
			isa = PBXVariantGroup;
			children = (
				5387403226D00A43000FBF52 /* Base */,
			);
			name = Main.storyboard;
			sourceTree = "<group>";
		};
		5387403626D00A44000FBF52 /* LaunchScreen.storyboard */ = {
			isa = PBXVariantGroup;
			children = (
				5387403726D00A44000FBF52 /* Base */,
			);
			name = LaunchScreen.storyboard;
			sourceTree = "<group>";
		};
/* End PBXVariantGroup section */

/* Begin XCBuildConfiguration section */
		5387403A26D00A44000FBF52 /* Debug */ = {
			isa = XCBuildConfiguration;
			buildSettings = {
				ALWAYS_SEARCH_USER_PATHS = NO;
				CLANG_ANALYZER_NONNULL = YES;
				CLANG_ANALYZER_NUMBER_OBJECT_CONVERSION = YES_AGGRESSIVE;
				CLANG_CXX_LANGUAGE_STANDARD = "gnu++14";
				CLANG_CXX_LIBRARY = "libc++";
				CLANG_ENABLE_MODULES = YES;
				CLANG_ENABLE_OBJC_ARC = YES;
				CLANG_ENABLE_OBJC_WEAK = YES;
				CLANG_WARN_BLOCK_CAPTURE_AUTORELEASING = YES;
				CLANG_WARN_BOOL_CONVERSION = YES;
				CLANG_WARN_COMMA = YES;
				CLANG_WARN_CONSTANT_CONVERSION = YES;
				CLANG_WARN_DEPRECATED_OBJC_IMPLEMENTATIONS = YES;
				CLANG_WARN_DIRECT_OBJC_ISA_USAGE = YES_ERROR;
				CLANG_WARN_DOCUMENTATION_COMMENTS = YES;
				CLANG_WARN_EMPTY_BODY = YES;
				CLANG_WARN_ENUM_CONVERSION = YES;
				CLANG_WARN_INFINITE_RECURSION = YES;
				CLANG_WARN_INT_CONVERSION = YES;
				CLANG_WARN_NON_LITERAL_NULL_CONVERSION = YES;
				CLANG_WARN_OBJC_IMPLICIT_RETAIN_SELF = YES;
				CLANG_WARN_OBJC_LITERAL_CONVERSION = YES;
				CLANG_WARN_OBJC_ROOT_CLASS = YES_ERROR;
				CLANG_WARN_QUOTED_INCLUDE_IN_FRAMEWORK_HEADER = YES;
				CLANG_WARN_RANGE_LOOP_ANALYSIS = YES;
				CLANG_WARN_STRICT_PROTOTYPES = YES;
				CLANG_WARN_SUSPICIOUS_MOVE = YES;
				CLANG_WARN_UNGUARDED_AVAILABILITY = YES_AGGRESSIVE;
				CLANG_WARN_UNREACHABLE_CODE = YES;
				CLANG_WARN__DUPLICATE_METHOD_MATCH = YES;
				COPY_PHASE_STRIP = NO;
				DEBUG_INFORMATION_FORMAT = dwarf;
				ENABLE_STRICT_OBJC_MSGSEND = YES;
				ENABLE_TESTABILITY = YES;
				GCC_C_LANGUAGE_STANDARD = gnu11;
				GCC_DYNAMIC_NO_PIC = NO;
				GCC_NO_COMMON_BLOCKS = YES;
				GCC_OPTIMIZATION_LEVEL = 0;
				GCC_PREPROCESSOR_DEFINITIONS = (
					"DEBUG=1",
					"$(inherited)",
				);
				GCC_WARN_64_TO_32_BIT_CONVERSION = YES;
				GCC_WARN_ABOUT_RETURN_TYPE = YES_ERROR;
				GCC_WARN_UNDECLARED_SELECTOR = YES;
				GCC_WARN_UNINITIALIZED_AUTOS = YES_AGGRESSIVE;
				GCC_WARN_UNUSED_FUNCTION = YES;
				GCC_WARN_UNUSED_VARIABLE = YES;
				IPHONEOS_DEPLOYMENT_TARGET = 14.5;
				MTL_ENABLE_DEBUG_INFO = INCLUDE_SOURCE;
				MTL_FAST_MATH = YES;
				ONLY_ACTIVE_ARCH = YES;
				SDKROOT = iphoneos;
				SWIFT_ACTIVE_COMPILATION_CONDITIONS = DEBUG;
				SWIFT_OPTIMIZATION_LEVEL = "-Onone";
			};
			name = Debug;
		};
		5387403B26D00A44000FBF52 /* Release */ = {
			isa = XCBuildConfiguration;
			buildSettings = {
				ALWAYS_SEARCH_USER_PATHS = NO;
				CLANG_ANALYZER_NONNULL = YES;
				CLANG_ANALYZER_NUMBER_OBJECT_CONVERSION = YES_AGGRESSIVE;
				CLANG_CXX_LANGUAGE_STANDARD = "gnu++14";
				CLANG_CXX_LIBRARY = "libc++";
				CLANG_ENABLE_MODULES = YES;
				CLANG_ENABLE_OBJC_ARC = YES;
				CLANG_ENABLE_OBJC_WEAK = YES;
				CLANG_WARN_BLOCK_CAPTURE_AUTORELEASING = YES;
				CLANG_WARN_BOOL_CONVERSION = YES;
				CLANG_WARN_COMMA = YES;
				CLANG_WARN_CONSTANT_CONVERSION = YES;
				CLANG_WARN_DEPRECATED_OBJC_IMPLEMENTATIONS = YES;
				CLANG_WARN_DIRECT_OBJC_ISA_USAGE = YES_ERROR;
				CLANG_WARN_DOCUMENTATION_COMMENTS = YES;
				CLANG_WARN_EMPTY_BODY = YES;
				CLANG_WARN_ENUM_CONVERSION = YES;
				CLANG_WARN_INFINITE_RECURSION = YES;
				CLANG_WARN_INT_CONVERSION = YES;
				CLANG_WARN_NON_LITERAL_NULL_CONVERSION = YES;
				CLANG_WARN_OBJC_IMPLICIT_RETAIN_SELF = YES;
				CLANG_WARN_OBJC_LITERAL_CONVERSION = YES;
				CLANG_WARN_OBJC_ROOT_CLASS = YES_ERROR;
				CLANG_WARN_QUOTED_INCLUDE_IN_FRAMEWORK_HEADER = YES;
				CLANG_WARN_RANGE_LOOP_ANALYSIS = YES;
				CLANG_WARN_STRICT_PROTOTYPES = YES;
				CLANG_WARN_SUSPICIOUS_MOVE = YES;
				CLANG_WARN_UNGUARDED_AVAILABILITY = YES_AGGRESSIVE;
				CLANG_WARN_UNREACHABLE_CODE = YES;
				CLANG_WARN__DUPLICATE_METHOD_MATCH = YES;
				COPY_PHASE_STRIP = NO;
				DEBUG_INFORMATION_FORMAT = "dwarf-with-dsym";
				ENABLE_NS_ASSERTIONS = NO;
				ENABLE_STRICT_OBJC_MSGSEND = YES;
				GCC_C_LANGUAGE_STANDARD = gnu11;
				GCC_NO_COMMON_BLOCKS = YES;
				GCC_WARN_64_TO_32_BIT_CONVERSION = YES;
				GCC_WARN_ABOUT_RETURN_TYPE = YES_ERROR;
				GCC_WARN_UNDECLARED_SELECTOR = YES;
				GCC_WARN_UNINITIALIZED_AUTOS = YES_AGGRESSIVE;
				GCC_WARN_UNUSED_FUNCTION = YES;
				GCC_WARN_UNUSED_VARIABLE = YES;
				IPHONEOS_DEPLOYMENT_TARGET = 14.5;
				MTL_ENABLE_DEBUG_INFO = NO;
				MTL_FAST_MATH = YES;
				SDKROOT = iphoneos;
				SWIFT_COMPILATION_MODE = wholemodule;
				SWIFT_OPTIMIZATION_LEVEL = "-O";
				VALIDATE_PRODUCT = YES;
			};
			name = Release;
		};
		5387403D26D00A44000FBF52 /* Debug */ = {
			isa = XCBuildConfiguration;
			buildSettings = {
				ASSETCATALOG_COMPILER_APPICON_NAME = AppIcon;
				ASSETCATALOG_COMPILER_GLOBAL_ACCENT_COLOR_NAME = AccentColor;
				CODE_SIGN_STYLE = Automatic;
				DEVELOPMENT_TEAM = 7EJKV8CGJ8;
				INFOPLIST_FILE = ShowMeYourCode/App/Info.plist;
				LD_RUNPATH_SEARCH_PATHS = (
					"$(inherited)",
					"@executable_path/Frameworks",
				);
				PRODUCT_BUNDLE_IDENTIFIER = com.rafaelasencio.ShowMeYourCode;
				PRODUCT_NAME = "$(TARGET_NAME)";
				SWIFT_VERSION = 5.0;
				TARGETED_DEVICE_FAMILY = "1,2";
			};
			name = Debug;
		};
		5387403E26D00A44000FBF52 /* Release */ = {
			isa = XCBuildConfiguration;
			buildSettings = {
				ASSETCATALOG_COMPILER_APPICON_NAME = AppIcon;
				ASSETCATALOG_COMPILER_GLOBAL_ACCENT_COLOR_NAME = AccentColor;
				CODE_SIGN_STYLE = Automatic;
				DEVELOPMENT_TEAM = 7EJKV8CGJ8;
				INFOPLIST_FILE = ShowMeYourCode/App/Info.plist;
				LD_RUNPATH_SEARCH_PATHS = (
					"$(inherited)",
					"@executable_path/Frameworks",
				);
				PRODUCT_BUNDLE_IDENTIFIER = com.rafaelasencio.ShowMeYourCode;
				PRODUCT_NAME = "$(TARGET_NAME)";
				SWIFT_VERSION = 5.0;
				TARGETED_DEVICE_FAMILY = "1,2";
			};
			name = Release;
		};
/* End XCBuildConfiguration section */

/* Begin XCConfigurationList section */
		5387402326D00A43000FBF52 /* Build configuration list for PBXProject "ShowMeYourCode" */ = {
			isa = XCConfigurationList;
			buildConfigurations = (
				5387403A26D00A44000FBF52 /* Debug */,
				5387403B26D00A44000FBF52 /* Release */,
			);
			defaultConfigurationIsVisible = 0;
			defaultConfigurationName = Release;
		};
		5387403C26D00A44000FBF52 /* Build configuration list for PBXNativeTarget "ShowMeYourCode" */ = {
			isa = XCConfigurationList;
			buildConfigurations = (
				5387403D26D00A44000FBF52 /* Debug */,
				5387403E26D00A44000FBF52 /* Release */,
			);
			defaultConfigurationIsVisible = 0;
			defaultConfigurationName = Release;
		};
/* End XCConfigurationList section */
	};
	rootObject = 5387402026D00A43000FBF52 /* Project object */;
}
